PODS:
  - FBAEMKit (17.0.2):
    - FBSDKCoreKit_Basics (= 17.0.2)
  - FBSDKCoreKit (17.0.2):
    - FBAEMKit (= 17.0.2)
    - FBSDKCoreKit_Basics (= 17.0.2)
  - FBSDKCoreKit_Basics (17.0.2)
  - Flutter (1.0.0)
  - flutter_meta_sdk (1.0.0):
    - FBSDKCoreKit (~> 17.0.2)
    - Flutter

DEPENDENCIES:
  - Flutter (from `Flutter`)
  - flutter_meta_sdk (from `.symlinks/plugins/flutter_meta_sdk/ios`)

SPEC REPOS:
  trunk:
    - FBAEMKit
    - FBSDKCoreKit
    - FBSDKCoreKit_Basics

EXTERNAL SOURCES:
  Flutter:
    :path: Flutter
  flutter_meta_sdk:
    :path: ".symlinks/plugins/flutter_meta_sdk/ios"

SPEC CHECKSUMS:
  FBAEMKit: 619f96ea65427e8afca240d5b0f4703738dfdf5c
  FBSDKCoreKit: a5f384db2e9ee84e98494fed8f983d2bd79accff
  FBSDKCoreKit_Basics: d35c775aaf243a2d731dfae7be3a74b1987285ab
  Flutter: e0871f40cf51350855a761d2e70bf5af5b9b5de7
  flutter_meta_sdk: c58303d3e5c9d6ccb9aeaf049c2bd3eb9946ff62

PODFILE CHECKSUM: aafe91acc616949ddb318b77800a7f51bffa2a4c

COCOAPODS: 1.15.2
